// !$*UTF8*$!
{
	archiveVersion = 1;
	classes = {
	};
	objectVersion = 46;
	objects = {

/* Begin PBXBuildFile section */
		43A99BC71EF36C85006E477C /* AppDelegate.swift in Sources */ = {isa = PBXBuildFile; fileRef = 43A99BC61EF36C85006E477C /* AppDelegate.swift */; };
		43A99BC91EF36C85006E477C /* ViewController.swift in Sources */ = {isa = PBXBuildFile; fileRef = 43A99BC81EF36C85006E477C /* ViewController.swift */; };
		43A99BCC1EF36C85006E477C /* Main.storyboard in Resources */ = {isa = PBXBuildFile; fileRef = 43A99BCA1EF36C85006E477C /* Main.storyboard */; };
		43A99BCE1EF36C85006E477C /* Assets.xcassets in Resources */ = {isa = PBXBuildFile; fileRef = 43A99BCD1EF36C85006E477C /* Assets.xcassets */; };
		43A99BD11EF36C85006E477C /* LaunchScreen.storyboard in Resources */ = {isa = PBXBuildFile; fileRef = 43A99BCF1EF36C85006E477C /* LaunchScreen.storyboard */; };
/* End PBXBuildFile section */

/* Begin PBXFileReference section */
		43A99BC31EF36C85006E477C /* Lines.app */ = {isa = PBXFileReference; explicitFileType = wrapper.application; includeInIndex = 0; path = Lines.app; sourceTree = BUILT_PRODUCTS_DIR; };
		43A99BC61EF36C85006E477C /* AppDelegate.swift */ = {isa = PBXFileReference; lastKnownFileType = sourcecode.swift; path = AppDelegate.swift; sourceTree = "<group>"; };
		43A99BC81EF36C85006E477C /* ViewController.swift */ = {isa = PBXFileReference; lastKnownFileType = sourcecode.swift; path = ViewController.swift; sourceTree = "<group>"; };
		43A99BCB1EF36C85006E477C /* Base */ = {isa = PBXFileReference; lastKnownFileType = file.storyboard; name = Base; path = Base.lproj/Main.storyboard; sourceTree = "<group>"; };
		43A99BCD1EF36C85006E477C /* Assets.xcassets */ = {isa = PBXFileReference; lastKnownFileType = folder.assetcatalog; path = Assets.xcassets; sourceTree = "<group>"; };
		43A99BD01EF36C85006E477C /* Base */ = {isa = PBXFileReference; lastKnownFileType = file.storyboard; name = Base; path = Base.lproj/LaunchScreen.storyboard; sourceTree = "<group>"; };
		43A99BD21EF36C85006E477C /* Info.plist */ = {isa = PBXFileReference; lastKnownFileType = text.plist.xml; path = Info.plist; sourceTree = "<group>"; };
/* End PBXFileReference section */

/* Begin PBXFrameworksBuildPhase section */
		43A99BC01EF36C85006E477C /* Frameworks */ = {
			isa = PBXFrameworksBuildPhase;
			buildActionMask = 2147483647;
			files = (
			);
			runOnlyForDeploymentPostprocessing = 0;
		};
/* End PBXFrameworksBuildPhase section */

/* Begin PBXGroup section */
		43A99BBA1EF36C85006E477C = {
			isa = PBXGroup;
			children = (
				43A99BC51EF36C85006E477C /* Lines */,
				43A99BC41EF36C85006E477C /* Products */,
			);
			sourceTree = "<group>";
		};
		43A99BC41EF36C85006E477C /* Products */ = {
			isa = PBXGroup;
			children = (
				43A99BC31EF36C85006E477C /* Lines.app */,
			);
			name = Products;
			sourceTree = "<group>";
		};
		43A99BC51EF36C85006E477C /* Lines */ = {
			isa = PBXGroup;
			children = (
				43A99BC61EF36C85006E477C /* AppDelegate.swift */,
				43A99BC81EF36C85006E477C /* ViewController.swift */,
				43A99BCA1EF36C85006E477C /* Main.storyboard */,
				43A99BCD1EF36C85006E477C /* Assets.xcassets */,
				43A99BCF1EF36C85006E477C /* LaunchScreen.storyboard */,
				43A99BD21EF36C85006E477C /* Info.plist */,
			);
			path = Lines;
			sourceTree = "<group>";
		};
/* End PBXGroup section */

/* Begin PBXNativeTarget section */
		43A99BC21EF36C85006E477C /* Lines */ = {
			isa = PBXNativeTarget;
			buildConfigurationList = 43A99BD51EF36C85006E477C /* Build configuration list for PBXNativeTarget "Lines" */;
			buildPhases = (
				43A99BBF1EF36C85006E477C /* Sources */,
				43A99BC01EF36C85006E477C /* Frameworks */,
				43A99BC11EF36C85006E477C /* Resources */,
			);
			buildRules = (
			);
			dependencies = (
			);
			name = Lines;
			productName = Lines;
			productReference = 43A99BC31EF36C85006E477C /* Lines.app */;
			productType = "com.apple.product-type.application";
		};
/* End PBXNativeTarget section */

/* Begin PBXProject section */
		43A99BBB1EF36C85006E477C /* Project object */ = {
			isa = PBXProject;
			attributes = {
				LastSwiftUpdateCheck = 0830;
				LastUpgradeCheck = 0830;
				ORGANIZATIONNAME = "Fraser King";
				TargetAttributes = {
					43A99BC21EF36C85006E477C = {
						CreatedOnToolsVersion = 8.3.2;
						DevelopmentTeam = WQ4X98Q4GE;
						ProvisioningStyle = Automatic;
					};
				};
			};
			buildConfigurationList = 43A99BBE1EF36C85006E477C /* Build configuration list for PBXProject "Lines" */;
			compatibilityVersion = "Xcode 3.2";
			developmentRegion = English;
			hasScannedForEncodings = 0;
			knownRegions = (
				en,
				Base,
			);
			mainGroup = 43A99BBA1EF36C85006E477C;
			productRefGroup = 43A99BC41EF36C85006E477C /* Products */;
			projectDirPath = "";
			projectRoot = "";
			targets = (
				43A99BC21EF36C85006E477C /* Lines */,
			);
		};
/* End PBXProject section */

/* Begin PBXResourcesBuildPhase section */
		43A99BC11EF36C85006E477C /* Resources */ = {
			isa = PBXResourcesBuildPhase;
			buildActionMask = 2147483647;
			files = (
				43A99BD11EF36C85006E477C /* LaunchScreen.storyboard in Resources */,
				43A99BCE1EF36C85006E477C /* Assets.xcassets in Resources */,
				43A99BCC1EF36C85006E477C /* Main.storyboard in Resources */,
			);
			runOnlyForDeploymentPostprocessing = 0;
		};
/* End PBXResourcesBuildPhase section */

/* Begin PBXSourcesBuildPhase section */
		43A99BBF1EF36C85006E477C /* Sources */ = {
			isa = PBXSourcesBuildPhase;
			buildActionMask = 2147483647;
			files = (
				43A99BC91EF36C85006E477C /* ViewController.swift in Sources */,
				43A99BC71EF36C85006E477C /* AppDelegate.swift in Sources */,
			);
			runOnlyForDeploymentPostprocessing = 0;
		};
/* End PBXSourcesBuildPhase section */

/* Begin PBXVariantGroup section */
		43A99BCA1EF36C85006E477C /* Main.storyboard */ = {
			isa = PBXVariantGroup;
			children = (
				43A99BCB1EF36C85006E477C /* Base */,
			);
			name = Main.storyboard;
			sourceTree = "<group>";
		};
		43A99BCF1EF36C85006E477C /* LaunchScreen.storyboard */ = {
			isa = PBXVariantGroup;
			children = (
				43A99BD01EF36C85006E477C /* Base */,
			);
			name = LaunchScreen.storyboard;
			sourceTree = "<group>";
		};
/* End PBXVariantGroup section */

/* Begin XCBuildConfiguration section */
		43A99BD31EF36C85006E477C /* Debug */ = {
			isa = XCBuildConfiguration;
			buildSettings = {
				ALWAYS_SEARCH_USER_PATHS = NO;
				CLANG_ANALYZER_NONNULL = YES;
				CLANG_ANALYZER_NUMBER_OBJECT_CONVERSION = YES_AGGRESSIVE;
				CLANG_CXX_LANGUAGE_STANDARD = "gnu++0x";
				CLANG_CXX_LIBRARY = "libc++";
				CLANG_ENABLE_MODULES = YES;
				CLANG_ENABLE_OBJC_ARC = YES;
				CLANG_WARN_BOOL_CONVERSION = YES;
				CLANG_WARN_CONSTANT_CONVERSION = YES;
				CLANG_WARN_DIRECT_OBJC_ISA_USAGE = YES_ERROR;
				CLANG_WARN_DOCUMENTATION_COMMENTS = YES;
				CLANG_WARN_EMPTY_BODY = YES;
				CLANG_WARN_ENUM_CONVERSION = YES;
				CLANG_WARN_INFINITE_RECURSION = YES;
				CLANG_WARN_INT_CONVERSION = YES;
				CLANG_WARN_OBJC_ROOT_CLASS = YES_ERROR;
				CLANG_WARN_SUSPICIOUS_MOVE = YES;
				CLANG_WARN_UNREACHABLE_CODE = YES;
				CLANG_WARN__DUPLICATE_METHOD_MATCH = YES;
				"CODE_SIGN_IDENTITY[sdk=iphoneos*]" = "iPhone Developer";
				COPY_PHASE_STRIP = NO;
				DEBUG_INFORMATION_FORMAT = dwarf;
				ENABLE_STRICT_OBJC_MSGSEND = YES;
				ENABLE_TESTABILITY = YES;
				GCC_C_LANGUAGE_STANDARD = gnu99;
				GCC_DYNAMIC_NO_PIC = NO;
				GCC_NO_COMMON_BLOCKS = YES;
				GCC_OPTIMIZATION_LEVEL = 0;
				GCC_PREPROCESSOR_DEFINITIONS = (
					"DEBUG=1",
					"$(inherited)",
				);
				GCC_WARN_64_TO_32_BIT_CONVERSION = YES;
				GCC_WARN_ABOUT_RETURN_TYPE = YES_ERROR;
				GCC_WARN_UNDECLARED_SELECTOR = YES;
				GCC_WARN_UNINITIALIZED_AUTOS = YES_AGGRESSIVE;
				GCC_WARN_UNUSED_FUNCTION = YES;
				GCC_WARN_UNUSED_VARIABLE = YES;
				IPHONEOS_DEPLOYMENT_TARGET = 10.3;
				MTL_ENABLE_DEBUG_INFO = YES;
				ONLY_ACTIVE_ARCH = YES;
				SDKROOT = iphoneos;
				SWIFT_ACTIVE_COMPILATION_CONDITIONS = DEBUG;
				SWIFT_OPTIMIZATION_LEVEL = "-Onone";
				TARGETED_DEVICE_FAMILY = "1,2";
			};
			name = Debug;
		};
		43A99BD41EF36C85006E477C /* Release */ = {
			isa = XCBuildConfiguration;
			buildSettings = {
				ALWAYS_SEARCH_USER_PATHS = NO;
				CLANG_ANALYZER_NONNULL = YES;
				CLANG_ANALYZER_NUMBER_OBJECT_CONVERSION = YES_AGGRESSIVE;
				CLANG_CXX_LANGUAGE_STANDARD = "gnu++0x";
				CLANG_CXX_LIBRARY = "libc++";
				CLANG_ENABLE_MODULES = YES;
				CLANG_ENABLE_OBJC_ARC = YES;
				CLANG_WARN_BOOL_CONVERSION = YES;
				CLANG_WARN_CONSTANT_CONVERSION = YES;
				CLANG_WARN_DIRECT_OBJC_ISA_USAGE = YES_ERROR;
				CLANG_WARN_DOCUMENTATION_COMMENTS = YES;
				CLANG_WARN_EMPTY_BODY = YES;
				CLANG_WARN_ENUM_CONVERSION = YES;
				CLANG_WARN_INFINITE_RECURSION = YES;
				CLANG_WARN_INT_CONVERSION = YES;
				CLANG_WARN_OBJC_ROOT_CLASS = YES_ERROR;
				CLANG_WARN_SUSPICIOUS_MOVE = YES;
				CLANG_WARN_UNREACHABLE_CODE = YES;
				CLANG_WARN__DUPLICATE_METHOD_MATCH = YES;
				"CODE_SIGN_IDENTITY[sdk=iphoneos*]" = "iPhone Developer";
				COPY_PHASE_STRIP = NO;
				DEBUG_INFORMATION_FORMAT = "dwarf-with-dsym";
				ENABLE_NS_ASSERTIONS = NO;
				ENABLE_STRICT_OBJC_MSGSEND = YES;
				GCC_C_LANGUAGE_STANDARD = gnu99;
				GCC_NO_COMMON_BLOCKS = YES;
				GCC_WARN_64_TO_32_BIT_CONVERSION = YES;
				GCC_WARN_ABOUT_RETURN_TYPE = YES_ERROR;
				GCC_WARN_UNDECLARED_SELECTOR = YES;
				GCC_WARN_UNINITIALIZED_AUTOS = YES_AGGRESSIVE;
				GCC_WARN_UNUSED_FUNCTION = YES;
				GCC_WARN_UNUSED_VARIABLE = YES;
				IPHONEOS_DEPLOYMENT_TARGET = 10.3;
				MTL_ENABLE_DEBUG_INFO = NO;
				SDKROOT = iphoneos;
				SWIFT_OPTIMIZATION_LEVEL = "-Owholemodule";
				TARGETED_DEVICE_FAMILY = "1,2";
				VALIDATE_PRODUCT = YES;
			};
			name = Release;
		};
		43A99BD61EF36C85006E477C /* Debug */ = {
			isa = XCBuildConfiguration;
			buildSettings = {
				ASSETCATALOG_COMPILER_APPICON_NAME = AppIcon;
				DEVELOPMENT_TEAM = WQ4X98Q4GE;
				INFOPLIST_FILE = Lines/Info.plist;
				LD_RUNPATH_SEARCH_PATHS = "$(inherited) @executable_path/Frameworks";
				PRODUCT_BUNDLE_IDENTIFIER = com.frasertheking.Lines;
				PRODUCT_NAME = "$(TARGET_NAME)";
				SWIFT_VERSION = 3.0;
			};
			name = Debug;
		};
		43A99BD71EF36C85006E477C /* Release */ = {
			isa = XCBuildConfiguration;
			buildSettings = {
				ASSETCATALOG_COMPILER_APPICON_NAME = AppIcon;
				DEVELOPMENT_TEAM = WQ4X98Q4GE;
				INFOPLIST_FILE = Lines/Info.plist;
				LD_RUNPATH_SEARCH_PATHS = "$(inherited) @executable_path/Frameworks";
				PRODUCT_BUNDLE_IDENTIFIER = com.frasertheking.Lines;
				PRODUCT_NAME = "$(TARGET_NAME)";
				SWIFT_VERSION = 3.0;
			};
			name = Release;
		};
/* End XCBuildConfiguration section */

/* Begin XCConfigurationList section */
		43A99BBE1EF36C85006E477C /* Build configuration list for PBXProject "Lines" */ = {
			isa = XCConfigurationList;
			buildConfigurations = (
				43A99BD31EF36C85006E477C /* Debug */,
				43A99BD41EF36C85006E477C /* Release */,
			);
			defaultConfigurationIsVisible = 0;
			defaultConfigurationName = Release;
		};
		43A99BD51EF36C85006E477C /* Build configuration list for PBXNativeTarget "Lines" */ = {
			isa = XCConfigurationList;
			buildConfigurations = (
				43A99BD61EF36C85006E477C /* Debug */,
				43A99BD71EF36C85006E477C /* Release */,
			);
			defaultConfigurationIsVisible = 0;
		};
/* End XCConfigurationList section */
	};
	rootObject = 43A99BBB1EF36C85006E477C /* Project object */;
}
