// !$*UTF8*$!
{
	archiveVersion = 1;
	classes = {
	};
	objectVersion = 46;
	objects = {

/* Begin PBXBuildFile section */
		430030431F1D8268004AD769 /* SketchView.swift in Sources */ = {isa = PBXBuildFile; fileRef = 430030421F1D8268004AD769 /* SketchView.swift */; };
		430030451F1D8272004AD769 /* SketchView.xib in Resources */ = {isa = PBXBuildFile; fileRef = 430030441F1D8272004AD769 /* SketchView.xib */; };
		430030471F1D8FEF004AD769 /* Level.swift in Sources */ = {isa = PBXBuildFile; fileRef = 430030461F1D8FEF004AD769 /* Level.swift */; };
		430030491F1D90BE004AD769 /* Levels.swift in Sources */ = {isa = PBXBuildFile; fileRef = 430030481F1D90BE004AD769 /* Levels.swift */; };
		432171B51F12A0D9001A85F5 /* Triangle.swift in Sources */ = {isa = PBXBuildFile; fileRef = 432171B41F12A0D9001A85F5 /* Triangle.swift */; };
		43924C291F1BEE060007B61F /* Extensions.swift in Sources */ = {isa = PBXBuildFile; fileRef = 43924C281F1BEE060007B61F /* Extensions.swift */; };
		43A99BC71EF36C85006E477C /* AppDelegate.swift in Sources */ = {isa = PBXBuildFile; fileRef = 43A99BC61EF36C85006E477C /* AppDelegate.swift */; };
		43A99BC91EF36C85006E477C /* GameViewController.swift in Sources */ = {isa = PBXBuildFile; fileRef = 43A99BC81EF36C85006E477C /* GameViewController.swift */; };
		43A99BCC1EF36C85006E477C /* Main.storyboard in Resources */ = {isa = PBXBuildFile; fileRef = 43A99BCA1EF36C85006E477C /* Main.storyboard */; };
		43A99BCE1EF36C85006E477C /* Assets.xcassets in Resources */ = {isa = PBXBuildFile; fileRef = 43A99BCD1EF36C85006E477C /* Assets.xcassets */; };
		43A99BD11EF36C85006E477C /* LaunchScreen.storyboard in Resources */ = {isa = PBXBuildFile; fileRef = 43A99BCF1EF36C85006E477C /* LaunchScreen.storyboard */; };
		43A99BD91EF36F81006E477C /* Line.swift in Sources */ = {isa = PBXBuildFile; fileRef = 43A99BD81EF36F81006E477C /* Line.swift */; };
		9027E1C165DD4986AC988746 /* Pods_Lines.framework in Frameworks */ = {isa = PBXBuildFile; fileRef = C71A90601016507D7D0F0C91 /* Pods_Lines.framework */; };
/* End PBXBuildFile section */

/* Begin PBXFileReference section */
		430030421F1D8268004AD769 /* SketchView.swift */ = {isa = PBXFileReference; fileEncoding = 4; lastKnownFileType = sourcecode.swift; path = SketchView.swift; sourceTree = "<group>"; };
		430030441F1D8272004AD769 /* SketchView.xib */ = {isa = PBXFileReference; fileEncoding = 4; lastKnownFileType = file.xib; path = SketchView.xib; sourceTree = "<group>"; };
		430030461F1D8FEF004AD769 /* Level.swift */ = {isa = PBXFileReference; fileEncoding = 4; lastKnownFileType = sourcecode.swift; path = Level.swift; sourceTree = "<group>"; };
		430030481F1D90BE004AD769 /* Levels.swift */ = {isa = PBXFileReference; fileEncoding = 4; lastKnownFileType = sourcecode.swift; path = Levels.swift; sourceTree = "<group>"; };
		432171B41F12A0D9001A85F5 /* Triangle.swift */ = {isa = PBXFileReference; fileEncoding = 4; lastKnownFileType = sourcecode.swift; path = Triangle.swift; sourceTree = "<group>"; };
		43924C281F1BEE060007B61F /* Extensions.swift */ = {isa = PBXFileReference; fileEncoding = 4; lastKnownFileType = sourcecode.swift; path = Extensions.swift; sourceTree = "<group>"; };
		43A99BC31EF36C85006E477C /* Lines.app */ = {isa = PBXFileReference; explicitFileType = wrapper.application; includeInIndex = 0; path = Lines.app; sourceTree = BUILT_PRODUCTS_DIR; };
		43A99BC61EF36C85006E477C /* AppDelegate.swift */ = {isa = PBXFileReference; lastKnownFileType = sourcecode.swift; path = AppDelegate.swift; sourceTree = "<group>"; };
		43A99BC81EF36C85006E477C /* GameViewController.swift */ = {isa = PBXFileReference; lastKnownFileType = sourcecode.swift; path = GameViewController.swift; sourceTree = "<group>"; };
		43A99BCB1EF36C85006E477C /* Base */ = {isa = PBXFileReference; lastKnownFileType = file.storyboard; name = Base; path = Base.lproj/Main.storyboard; sourceTree = "<group>"; };
		43A99BCD1EF36C85006E477C /* Assets.xcassets */ = {isa = PBXFileReference; lastKnownFileType = folder.assetcatalog; path = Assets.xcassets; sourceTree = "<group>"; };
		43A99BD01EF36C85006E477C /* Base */ = {isa = PBXFileReference; lastKnownFileType = file.storyboard; name = Base; path = Base.lproj/LaunchScreen.storyboard; sourceTree = "<group>"; };
		43A99BD21EF36C85006E477C /* Info.plist */ = {isa = PBXFileReference; lastKnownFileType = text.plist.xml; path = Info.plist; sourceTree = "<group>"; };
		43A99BD81EF36F81006E477C /* Line.swift */ = {isa = PBXFileReference; fileEncoding = 4; lastKnownFileType = sourcecode.swift; path = Line.swift; sourceTree = "<group>"; };
		759D8C1EA20764CAF5E688AD /* Pods-Lines.debug.xcconfig */ = {isa = PBXFileReference; includeInIndex = 1; lastKnownFileType = text.xcconfig; name = "Pods-Lines.debug.xcconfig"; path = "Pods/Target Support Files/Pods-Lines/Pods-Lines.debug.xcconfig"; sourceTree = "<group>"; };
		A57F526A361506B6178DCA42 /* Pods-Lines.release.xcconfig */ = {isa = PBXFileReference; includeInIndex = 1; lastKnownFileType = text.xcconfig; name = "Pods-Lines.release.xcconfig"; path = "Pods/Target Support Files/Pods-Lines/Pods-Lines.release.xcconfig"; sourceTree = "<group>"; };
		C71A90601016507D7D0F0C91 /* Pods_Lines.framework */ = {isa = PBXFileReference; explicitFileType = wrapper.framework; includeInIndex = 0; path = Pods_Lines.framework; sourceTree = BUILT_PRODUCTS_DIR; };
/* End PBXFileReference section */

/* Begin PBXFrameworksBuildPhase section */
		43A99BC01EF36C85006E477C /* Frameworks */ = {
			isa = PBXFrameworksBuildPhase;
			buildActionMask = 2147483647;
			files = (
				9027E1C165DD4986AC988746 /* Pods_Lines.framework in Frameworks */,
			);
			runOnlyForDeploymentPostprocessing = 0;
		};
/* End PBXFrameworksBuildPhase section */

/* Begin PBXGroup section */
		430030411F1D824F004AD769 /* Views */ = {
			isa = PBXGroup;
			children = (
				430030421F1D8268004AD769 /* SketchView.swift */,
				430030441F1D8272004AD769 /* SketchView.xib */,
			);
			name = Views;
			sourceTree = "<group>";
		};
		43A99BBA1EF36C85006E477C = {
			isa = PBXGroup;
			children = (
				43A99BC51EF36C85006E477C /* Lines */,
				43A99BC41EF36C85006E477C /* Products */,
				AC8C24C0558DB9AF81E76DA9 /* Pods */,
				937CA21360A150486E6731F1 /* Frameworks */,
			);
			sourceTree = "<group>";
		};
		43A99BC41EF36C85006E477C /* Products */ = {
			isa = PBXGroup;
			children = (
				43A99BC31EF36C85006E477C /* Lines.app */,
			);
			name = Products;
			sourceTree = "<group>";
		};
		43A99BC51EF36C85006E477C /* Lines */ = {
			isa = PBXGroup;
			children = (
				43ACB48B1F1C32540081CFE9 /* Miscellaneous */,
				43ACB48A1F1C324B0081CFE9 /* Extensions */,
				43ACB4891F1C32400081CFE9 /* Models */,
				430030411F1D824F004AD769 /* Views */,
				43ACB4881F1C32370081CFE9 /* ViewControllers */,
				43A99BCA1EF36C85006E477C /* Main.storyboard */,
			);
			path = Lines;
			sourceTree = "<group>";
		};
		43ACB4881F1C32370081CFE9 /* ViewControllers */ = {
			isa = PBXGroup;
			children = (
				43A99BC81EF36C85006E477C /* GameViewController.swift */,
			);
			name = ViewControllers;
			sourceTree = "<group>";
		};
		43ACB4891F1C32400081CFE9 /* Models */ = {
			isa = PBXGroup;
			children = (
				43A99BD81EF36F81006E477C /* Line.swift */,
				432171B41F12A0D9001A85F5 /* Triangle.swift */,
				430030461F1D8FEF004AD769 /* Level.swift */,
				430030481F1D90BE004AD769 /* Levels.swift */,
			);
			name = Models;
			sourceTree = "<group>";
		};
		43ACB48A1F1C324B0081CFE9 /* Extensions */ = {
			isa = PBXGroup;
			children = (
				43924C281F1BEE060007B61F /* Extensions.swift */,
			);
			name = Extensions;
			sourceTree = "<group>";
		};
		43ACB48B1F1C32540081CFE9 /* Miscellaneous */ = {
			isa = PBXGroup;
			children = (
				43A99BCD1EF36C85006E477C /* Assets.xcassets */,
				43A99BC61EF36C85006E477C /* AppDelegate.swift */,
				43A99BCF1EF36C85006E477C /* LaunchScreen.storyboard */,
				43A99BD21EF36C85006E477C /* Info.plist */,
			);
			name = Miscellaneous;
			sourceTree = "<group>";
		};
		937CA21360A150486E6731F1 /* Frameworks */ = {
			isa = PBXGroup;
			children = (
				C71A90601016507D7D0F0C91 /* Pods_Lines.framework */,
			);
			name = Frameworks;
			sourceTree = "<group>";
		};
		AC8C24C0558DB9AF81E76DA9 /* Pods */ = {
			isa = PBXGroup;
			children = (
				759D8C1EA20764CAF5E688AD /* Pods-Lines.debug.xcconfig */,
				A57F526A361506B6178DCA42 /* Pods-Lines.release.xcconfig */,
			);
			name = Pods;
			sourceTree = "<group>";
		};
/* End PBXGroup section */

/* Begin PBXNativeTarget section */
		43A99BC21EF36C85006E477C /* Lines */ = {
			isa = PBXNativeTarget;
			buildConfigurationList = 43A99BD51EF36C85006E477C /* Build configuration list for PBXNativeTarget "Lines" */;
			buildPhases = (
				7823FB75978D216FE93AD110 /* [CP] Check Pods Manifest.lock */,
				43A99BBF1EF36C85006E477C /* Sources */,
				43A99BC01EF36C85006E477C /* Frameworks */,
				43A99BC11EF36C85006E477C /* Resources */,
				E150865BF5007D03C37D940B /* [CP] Embed Pods Frameworks */,
				3BA286A2669DF11E2E84AB33 /* [CP] Copy Pods Resources */,
			);
			buildRules = (
			);
			dependencies = (
			);
			name = Lines;
			productName = Lines;
			productReference = 43A99BC31EF36C85006E477C /* Lines.app */;
			productType = "com.apple.product-type.application";
		};
/* End PBXNativeTarget section */

/* Begin PBXProject section */
		43A99BBB1EF36C85006E477C /* Project object */ = {
			isa = PBXProject;
			attributes = {
				LastSwiftUpdateCheck = 0830;
				LastUpgradeCheck = 0830;
				ORGANIZATIONNAME = "Fraser King";
				TargetAttributes = {
					43A99BC21EF36C85006E477C = {
						CreatedOnToolsVersion = 8.3.2;
						DevelopmentTeam = WQ4X98Q4GE;
						ProvisioningStyle = Automatic;
					};
				};
			};
			buildConfigurationList = 43A99BBE1EF36C85006E477C /* Build configuration list for PBXProject "Lines" */;
			compatibilityVersion = "Xcode 3.2";
			developmentRegion = English;
			hasScannedForEncodings = 0;
			knownRegions = (
				en,
				Base,
			);
			mainGroup = 43A99BBA1EF36C85006E477C;
			productRefGroup = 43A99BC41EF36C85006E477C /* Products */;
			projectDirPath = "";
			projectRoot = "";
			targets = (
				43A99BC21EF36C85006E477C /* Lines */,
			);
		};
/* End PBXProject section */

/* Begin PBXResourcesBuildPhase section */
		43A99BC11EF36C85006E477C /* Resources */ = {
			isa = PBXResourcesBuildPhase;
			buildActionMask = 2147483647;
			files = (
				430030451F1D8272004AD769 /* SketchView.xib in Resources */,
				43A99BD11EF36C85006E477C /* LaunchScreen.storyboard in Resources */,
				43A99BCE1EF36C85006E477C /* Assets.xcassets in Resources */,
				43A99BCC1EF36C85006E477C /* Main.storyboard in Resources */,
			);
			runOnlyForDeploymentPostprocessing = 0;
		};
/* End PBXResourcesBuildPhase section */

/* Begin PBXShellScriptBuildPhase section */
		3BA286A2669DF11E2E84AB33 /* [CP] Copy Pods Resources */ = {
			isa = PBXShellScriptBuildPhase;
			buildActionMask = 2147483647;
			files = (
			);
			inputPaths = (
			);
			name = "[CP] Copy Pods Resources";
			outputPaths = (
			);
			runOnlyForDeploymentPostprocessing = 0;
			shellPath = /bin/sh;
			shellScript = "\"${SRCROOT}/Pods/Target Support Files/Pods-Lines/Pods-Lines-resources.sh\"\n";
			showEnvVarsInLog = 0;
		};
		7823FB75978D216FE93AD110 /* [CP] Check Pods Manifest.lock */ = {
			isa = PBXShellScriptBuildPhase;
			buildActionMask = 2147483647;
			files = (
			);
			inputPaths = (
			);
			name = "[CP] Check Pods Manifest.lock";
			outputPaths = (
			);
			runOnlyForDeploymentPostprocessing = 0;
			shellPath = /bin/sh;
			shellScript = "diff \"${PODS_PODFILE_DIR_PATH}/Podfile.lock\" \"${PODS_ROOT}/Manifest.lock\" > /dev/null\nif [ $? != 0 ] ; then\n    # print error to STDERR\n    echo \"error: The sandbox is not in sync with the Podfile.lock. Run 'pod install' or update your CocoaPods installation.\" >&2\n    exit 1\nfi\n";
			showEnvVarsInLog = 0;
		};
		E150865BF5007D03C37D940B /* [CP] Embed Pods Frameworks */ = {
			isa = PBXShellScriptBuildPhase;
			buildActionMask = 2147483647;
			files = (
			);
			inputPaths = (
			);
			name = "[CP] Embed Pods Frameworks";
			outputPaths = (
			);
			runOnlyForDeploymentPostprocessing = 0;
			shellPath = /bin/sh;
			shellScript = "\"${SRCROOT}/Pods/Target Support Files/Pods-Lines/Pods-Lines-frameworks.sh\"\n";
			showEnvVarsInLog = 0;
		};
/* End PBXShellScriptBuildPhase section */

/* Begin PBXSourcesBuildPhase section */
		43A99BBF1EF36C85006E477C /* Sources */ = {
			isa = PBXSourcesBuildPhase;
			buildActionMask = 2147483647;
			files = (
				43924C291F1BEE060007B61F /* Extensions.swift in Sources */,
				430030471F1D8FEF004AD769 /* Level.swift in Sources */,
				430030491F1D90BE004AD769 /* Levels.swift in Sources */,
				43A99BD91EF36F81006E477C /* Line.swift in Sources */,
				43A99BC91EF36C85006E477C /* GameViewController.swift in Sources */,
				43A99BC71EF36C85006E477C /* AppDelegate.swift in Sources */,
				430030431F1D8268004AD769 /* SketchView.swift in Sources */,
				432171B51F12A0D9001A85F5 /* Triangle.swift in Sources */,
			);
			runOnlyForDeploymentPostprocessing = 0;
		};
/* End PBXSourcesBuildPhase section */

/* Begin PBXVariantGroup section */
		43A99BCA1EF36C85006E477C /* Main.storyboard */ = {
			isa = PBXVariantGroup;
			children = (
				43A99BCB1EF36C85006E477C /* Base */,
			);
			name = Main.storyboard;
			sourceTree = "<group>";
		};
		43A99BCF1EF36C85006E477C /* LaunchScreen.storyboard */ = {
			isa = PBXVariantGroup;
			children = (
				43A99BD01EF36C85006E477C /* Base */,
			);
			name = LaunchScreen.storyboard;
			sourceTree = "<group>";
		};
/* End PBXVariantGroup section */

/* Begin XCBuildConfiguration section */
		43A99BD31EF36C85006E477C /* Debug */ = {
			isa = XCBuildConfiguration;
			buildSettings = {
				ALWAYS_SEARCH_USER_PATHS = NO;
				CLANG_ANALYZER_NONNULL = YES;
				CLANG_ANALYZER_NUMBER_OBJECT_CONVERSION = YES_AGGRESSIVE;
				CLANG_CXX_LANGUAGE_STANDARD = "gnu++0x";
				CLANG_CXX_LIBRARY = "libc++";
				CLANG_ENABLE_MODULES = YES;
				CLANG_ENABLE_OBJC_ARC = YES;
				CLANG_WARN_BOOL_CONVERSION = YES;
				CLANG_WARN_CONSTANT_CONVERSION = YES;
				CLANG_WARN_DIRECT_OBJC_ISA_USAGE = YES_ERROR;
				CLANG_WARN_DOCUMENTATION_COMMENTS = YES;
				CLANG_WARN_EMPTY_BODY = YES;
				CLANG_WARN_ENUM_CONVERSION = YES;
				CLANG_WARN_INFINITE_RECURSION = YES;
				CLANG_WARN_INT_CONVERSION = YES;
				CLANG_WARN_OBJC_ROOT_CLASS = YES_ERROR;
				CLANG_WARN_SUSPICIOUS_MOVE = YES;
				CLANG_WARN_UNREACHABLE_CODE = YES;
				CLANG_WARN__DUPLICATE_METHOD_MATCH = YES;
				"CODE_SIGN_IDENTITY[sdk=iphoneos*]" = "iPhone Developer";
				COPY_PHASE_STRIP = NO;
				DEBUG_INFORMATION_FORMAT = dwarf;
				ENABLE_STRICT_OBJC_MSGSEND = YES;
				ENABLE_TESTABILITY = YES;
				GCC_C_LANGUAGE_STANDARD = gnu99;
				GCC_DYNAMIC_NO_PIC = NO;
				GCC_NO_COMMON_BLOCKS = YES;
				GCC_OPTIMIZATION_LEVEL = 0;
				GCC_PREPROCESSOR_DEFINITIONS = (
					"DEBUG=1",
					"$(inherited)",
				);
				GCC_WARN_64_TO_32_BIT_CONVERSION = YES;
				GCC_WARN_ABOUT_RETURN_TYPE = YES_ERROR;
				GCC_WARN_UNDECLARED_SELECTOR = YES;
				GCC_WARN_UNINITIALIZED_AUTOS = YES_AGGRESSIVE;
				GCC_WARN_UNUSED_FUNCTION = YES;
				GCC_WARN_UNUSED_VARIABLE = YES;
				IPHONEOS_DEPLOYMENT_TARGET = 10.3;
				MTL_ENABLE_DEBUG_INFO = YES;
				ONLY_ACTIVE_ARCH = YES;
				SDKROOT = iphoneos;
				SWIFT_ACTIVE_COMPILATION_CONDITIONS = DEBUG;
				SWIFT_OPTIMIZATION_LEVEL = "-Onone";
				TARGETED_DEVICE_FAMILY = "1,2";
			};
			name = Debug;
		};
		43A99BD41EF36C85006E477C /* Release */ = {
			isa = XCBuildConfiguration;
			buildSettings = {
				ALWAYS_SEARCH_USER_PATHS = NO;
				CLANG_ANALYZER_NONNULL = YES;
				CLANG_ANALYZER_NUMBER_OBJECT_CONVERSION = YES_AGGRESSIVE;
				CLANG_CXX_LANGUAGE_STANDARD = "gnu++0x";
				CLANG_CXX_LIBRARY = "libc++";
				CLANG_ENABLE_MODULES = YES;
				CLANG_ENABLE_OBJC_ARC = YES;
				CLANG_WARN_BOOL_CONVERSION = YES;
				CLANG_WARN_CONSTANT_CONVERSION = YES;
				CLANG_WARN_DIRECT_OBJC_ISA_USAGE = YES_ERROR;
				CLANG_WARN_DOCUMENTATION_COMMENTS = YES;
				CLANG_WARN_EMPTY_BODY = YES;
				CLANG_WARN_ENUM_CONVERSION = YES;
				CLANG_WARN_INFINITE_RECURSION = YES;
				CLANG_WARN_INT_CONVERSION = YES;
				CLANG_WARN_OBJC_ROOT_CLASS = YES_ERROR;
				CLANG_WARN_SUSPICIOUS_MOVE = YES;
				CLANG_WARN_UNREACHABLE_CODE = YES;
				CLANG_WARN__DUPLICATE_METHOD_MATCH = YES;
				"CODE_SIGN_IDENTITY[sdk=iphoneos*]" = "iPhone Developer";
				COPY_PHASE_STRIP = NO;
				DEBUG_INFORMATION_FORMAT = "dwarf-with-dsym";
				ENABLE_NS_ASSERTIONS = NO;
				ENABLE_STRICT_OBJC_MSGSEND = YES;
				GCC_C_LANGUAGE_STANDARD = gnu99;
				GCC_NO_COMMON_BLOCKS = YES;
				GCC_WARN_64_TO_32_BIT_CONVERSION = YES;
				GCC_WARN_ABOUT_RETURN_TYPE = YES_ERROR;
				GCC_WARN_UNDECLARED_SELECTOR = YES;
				GCC_WARN_UNINITIALIZED_AUTOS = YES_AGGRESSIVE;
				GCC_WARN_UNUSED_FUNCTION = YES;
				GCC_WARN_UNUSED_VARIABLE = YES;
				IPHONEOS_DEPLOYMENT_TARGET = 10.3;
				MTL_ENABLE_DEBUG_INFO = NO;
				SDKROOT = iphoneos;
				SWIFT_OPTIMIZATION_LEVEL = "-Owholemodule";
				TARGETED_DEVICE_FAMILY = "1,2";
				VALIDATE_PRODUCT = YES;
			};
			name = Release;
		};
		43A99BD61EF36C85006E477C /* Debug */ = {
			isa = XCBuildConfiguration;
			baseConfigurationReference = 759D8C1EA20764CAF5E688AD /* Pods-Lines.debug.xcconfig */;
			buildSettings = {
				ASSETCATALOG_COMPILER_APPICON_NAME = AppIcon;
				DEVELOPMENT_TEAM = WQ4X98Q4GE;
				INFOPLIST_FILE = Lines/Info.plist;
				LD_RUNPATH_SEARCH_PATHS = "$(inherited) @executable_path/Frameworks";
				PRODUCT_BUNDLE_IDENTIFIER = com.frasertheking.Lines;
				PRODUCT_NAME = "$(TARGET_NAME)";
				SWIFT_VERSION = 3.0;
			};
			name = Debug;
		};
		43A99BD71EF36C85006E477C /* Release */ = {
			isa = XCBuildConfiguration;
			baseConfigurationReference = A57F526A361506B6178DCA42 /* Pods-Lines.release.xcconfig */;
			buildSettings = {
				ASSETCATALOG_COMPILER_APPICON_NAME = AppIcon;
				DEVELOPMENT_TEAM = WQ4X98Q4GE;
				INFOPLIST_FILE = Lines/Info.plist;
				LD_RUNPATH_SEARCH_PATHS = "$(inherited) @executable_path/Frameworks";
				PRODUCT_BUNDLE_IDENTIFIER = com.frasertheking.Lines;
				PRODUCT_NAME = "$(TARGET_NAME)";
				SWIFT_VERSION = 3.0;
			};
			name = Release;
		};
/* End XCBuildConfiguration section */

/* Begin XCConfigurationList section */
		43A99BBE1EF36C85006E477C /* Build configuration list for PBXProject "Lines" */ = {
			isa = XCConfigurationList;
			buildConfigurations = (
				43A99BD31EF36C85006E477C /* Debug */,
				43A99BD41EF36C85006E477C /* Release */,
			);
			defaultConfigurationIsVisible = 0;
			defaultConfigurationName = Release;
		};
		43A99BD51EF36C85006E477C /* Build configuration list for PBXNativeTarget "Lines" */ = {
			isa = XCConfigurationList;
			buildConfigurations = (
				43A99BD61EF36C85006E477C /* Debug */,
				43A99BD71EF36C85006E477C /* Release */,
			);
			defaultConfigurationIsVisible = 0;
			defaultConfigurationName = Release;
		};
/* End XCConfigurationList section */
	};
	rootObject = 43A99BBB1EF36C85006E477C /* Project object */;
}
